
Microsoft Visual Studio Solution File, Format Version 12.00
# Visual Studio 15
VisualStudioVersion = 15.0.28307.779
MinimumVisualStudioVersion = 10.0.40219.1
Project("{FAE04EC0-301F-11D3-BF4B-00C04F79EFBC}") = "Halbot", "Halbot\Halbot.csproj", "{D998C3D6-A220-413C-B370-63C4CFC1C716}"
EndProject
Global
	GlobalSection(SolutionConfigurationPlatforms) = preSolution
		Debug|Any CPU = Debug|Any CPU
		Release|Any CPU = Release|Any CPU
	EndGlobalSection
	GlobalSection(ProjectConfigurationPlatforms) = postSolution
		{D998C3D6-A220-413C-B370-63C4CFC1C716}.Debug|Any CPU.ActiveCfg = Debug|Any CPU
		{D998C3D6-A220-413C-B370-63C4CFC1C716}.Debug|Any CPU.Build.0 = Debug|Any CPU
		{D998C3D6-A220-413C-B370-63C4CFC1C716}.Release|Any CPU.ActiveCfg = Release|Any CPU
		{D998C3D6-A220-413C-B370-63C4CFC1C716}.Release|Any CPU.Build.0 = Release|Any CPU
	EndGlobalSection
	GlobalSection(SolutionProperties) = preSolution
		HideSolutionNode = FALSE
	EndGlobalSection
	GlobalSection(ExtensibilityGlobals) = postSolution
		SolutionGuid = {2CA1C40F-54BE-46E9-99E8-04F967AFE5F1}
	EndGlobalSection
EndGlobal
